// !$*UTF8*$!
{
	archiveVersion = 1;
	classes = {
	};
	objectVersion = 46;
	objects = {

/* Begin PBXBuildFile section */
		6553F1251A3240850077DF39 /* comuni.xml in Resources */ = {isa = PBXBuildFile; fileRef = 6553F1241A3240850077DF39 /* comuni.xml */; };
		6553F1271A3249830077DF39 /* comuni.swift in Sources */ = {isa = PBXBuildFile; fileRef = 6553F1261A3249830077DF39 /* comuni.swift */; };
		655AA5A11A382C1E004559CE /* editor_clipboard_checkmark_done-512.png in Resources */ = {isa = PBXBuildFile; fileRef = 655AA5A01A382C1E004559CE /* editor_clipboard_checkmark_done-512.png */; };
		65A2E1701A35A699008086AA /* libZXingObjC-osx.a in Frameworks */ = {isa = PBXBuildFile; fileRef = 65A2E16B1A35A63F008086AA /* libZXingObjC-osx.a */; };
		65A3097A1A2FA05A0079F9DB /* AppDelegate.swift in Sources */ = {isa = PBXBuildFile; fileRef = 65A309791A2FA05A0079F9DB /* AppDelegate.swift */; };
		65A3097C1A2FA05A0079F9DB /* ViewController.swift in Sources */ = {isa = PBXBuildFile; fileRef = 65A3097B1A2FA05A0079F9DB /* ViewController.swift */; };
		65A3097E1A2FA05A0079F9DB /* Images.xcassets in Resources */ = {isa = PBXBuildFile; fileRef = 65A3097D1A2FA05A0079F9DB /* Images.xcassets */; };
		65A309811A2FA05A0079F9DB /* Main.storyboard in Resources */ = {isa = PBXBuildFile; fileRef = 65A3097F1A2FA05A0079F9DB /* Main.storyboard */; };
		65A3098D1A2FA05B0079F9DB /* CFCalcTests.swift in Sources */ = {isa = PBXBuildFile; fileRef = 65A3098C1A2FA05B0079F9DB /* CFCalcTests.swift */; };
		65C352E31A30404500D5316A /* CFCalc.swift in Sources */ = {isa = PBXBuildFile; fileRef = 65C352E21A30404500D5316A /* CFCalc.swift */; };
		65D0B8C01A337E79004C1C79 /* tessera_sanitaria.jpg in Resources */ = {isa = PBXBuildFile; fileRef = 65D0B8BF1A337E79004C1C79 /* tessera_sanitaria.jpg */; };
/* End PBXBuildFile section */

/* Begin PBXContainerItemProxy section */
		65A2E1661A35A63F008086AA /* PBXContainerItemProxy */ = {
			isa = PBXContainerItemProxy;
			containerPortal = 65A2E15E1A35A63E008086AA /* ZXingObjC.xcodeproj */;
			proxyType = 2;
			remoteGlobalIDString = 25403CB3166A96FA00E13304;
			remoteInfo = "ZXingObjC-iOS";
		};
		65A2E1681A35A63F008086AA /* PBXContainerItemProxy */ = {
			isa = PBXContainerItemProxy;
			containerPortal = 65A2E15E1A35A63E008086AA /* ZXingObjC.xcodeproj */;
			proxyType = 2;
			remoteGlobalIDString = 25403CC4166A96FA00E13304;
			remoteInfo = "Unit Tests iOS";
		};
		65A2E16A1A35A63F008086AA /* PBXContainerItemProxy */ = {
			isa = PBXContainerItemProxy;
			containerPortal = 65A2E15E1A35A63E008086AA /* ZXingObjC.xcodeproj */;
			proxyType = 2;
			remoteGlobalIDString = 25404166166AADAC00E13304;
			remoteInfo = "ZXingObjC-osx";
		};
		65A2E16C1A35A63F008086AA /* PBXContainerItemProxy */ = {
			isa = PBXContainerItemProxy;
			containerPortal = 65A2E15E1A35A63E008086AA /* ZXingObjC.xcodeproj */;
			proxyType = 2;
			remoteGlobalIDString = 25404178166AADAC00E13304;
			remoteInfo = "Unit Tests OS X";
		};
		65A2E16E1A35A63F008086AA /* PBXContainerItemProxy */ = {
			isa = PBXContainerItemProxy;
			containerPortal = 65A2E15E1A35A63E008086AA /* ZXingObjC.xcodeproj */;
			proxyType = 2;
			remoteGlobalIDString = 2540439E166ABA0A00E13304;
			remoteInfo = "OS X Framework";
		};
		65A2E1741A35A6B4008086AA /* PBXContainerItemProxy */ = {
			isa = PBXContainerItemProxy;
			containerPortal = 65A2E15E1A35A63E008086AA /* ZXingObjC.xcodeproj */;
			proxyType = 1;
			remoteGlobalIDString = 25404165166AADAC00E13304;
			remoteInfo = "ZXingObjC-osx";
		};
		65A309871A2FA05A0079F9DB /* PBXContainerItemProxy */ = {
			isa = PBXContainerItemProxy;
			containerPortal = 65A3096C1A2FA05A0079F9DB /* Project object */;
			proxyType = 1;
			remoteGlobalIDString = 65A309731A2FA05A0079F9DB;
			remoteInfo = CFCalc;
		};
/* End PBXContainerItemProxy section */

/* Begin PBXFileReference section */
		6553F1241A3240850077DF39 /* comuni.xml */ = {isa = PBXFileReference; fileEncoding = 4; lastKnownFileType = text.xml; lineEnding = 0; path = comuni.xml; sourceTree = "<group>"; };
		6553F1261A3249830077DF39 /* comuni.swift */ = {isa = PBXFileReference; fileEncoding = 4; lastKnownFileType = sourcecode.swift; path = comuni.swift; sourceTree = "<group>"; };
		655AA5A01A382C1E004559CE /* editor_clipboard_checkmark_done-512.png */ = {isa = PBXFileReference; lastKnownFileType = image.png; path = "editor_clipboard_checkmark_done-512.png"; sourceTree = "<group>"; };
		659B64211A35B88300AAD126 /* it */ = {isa = PBXFileReference; lastKnownFileType = text.plist.strings; name = it; path = it.lproj/Main.strings; sourceTree = "<group>"; };
		65A2E15E1A35A63E008086AA /* ZXingObjC.xcodeproj */ = {isa = PBXFileReference; lastKnownFileType = "wrapper.pb-project"; name = ZXingObjC.xcodeproj; path = "../software/ZXingObjC-master/ZXingObjC.xcodeproj"; sourceTree = "<group>"; };
		65A2E1771A35A7B3008086AA /* ZXingObjC-Bridging-Header.h */ = {isa = PBXFileReference; fileEncoding = 4; lastKnownFileType = sourcecode.c.h; name = "ZXingObjC-Bridging-Header.h"; path = "CFCalc/ZXingObjC-Bridging-Header.h"; sourceTree = "<group>"; };
		65A309741A2FA05A0079F9DB /* CFCalc.app */ = {isa = PBXFileReference; explicitFileType = wrapper.application; includeInIndex = 0; path = CFCalc.app; sourceTree = BUILT_PRODUCTS_DIR; };
		65A309781A2FA05A0079F9DB /* Info.plist */ = {isa = PBXFileReference; lastKnownFileType = text.plist.xml; path = Info.plist; sourceTree = "<group>"; };
		65A309791A2FA05A0079F9DB /* AppDelegate.swift */ = {isa = PBXFileReference; lastKnownFileType = sourcecode.swift; path = AppDelegate.swift; sourceTree = "<group>"; };
		65A3097B1A2FA05A0079F9DB /* ViewController.swift */ = {isa = PBXFileReference; lastKnownFileType = sourcecode.swift; path = ViewController.swift; sourceTree = "<group>"; };
		65A3097D1A2FA05A0079F9DB /* Images.xcassets */ = {isa = PBXFileReference; lastKnownFileType = folder.assetcatalog; path = Images.xcassets; sourceTree = "<group>"; };
		65A309801A2FA05A0079F9DB /* Base */ = {isa = PBXFileReference; lastKnownFileType = file.storyboard; name = Base; path = Base.lproj/Main.storyboard; sourceTree = "<group>"; };
		65A309861A2FA05A0079F9DB /* CFCalcTests.xctest */ = {isa = PBXFileReference; explicitFileType = wrapper.cfbundle; includeInIndex = 0; path = CFCalcTests.xctest; sourceTree = BUILT_PRODUCTS_DIR; };
		65A3098B1A2FA05B0079F9DB /* Info.plist */ = {isa = PBXFileReference; lastKnownFileType = text.plist.xml; path = Info.plist; sourceTree = "<group>"; };
		65A3098C1A2FA05B0079F9DB /* CFCalcTests.swift */ = {isa = PBXFileReference; lastKnownFileType = sourcecode.swift; path = CFCalcTests.swift; sourceTree = "<group>"; };
		65C352E21A30404500D5316A /* CFCalc.swift */ = {isa = PBXFileReference; fileEncoding = 4; lastKnownFileType = sourcecode.swift; path = CFCalc.swift; sourceTree = "<group>"; };
		65D0B8BF1A337E79004C1C79 /* tessera_sanitaria.jpg */ = {isa = PBXFileReference; lastKnownFileType = image.jpeg; path = tessera_sanitaria.jpg; sourceTree = "<group>"; };
/* End PBXFileReference section */

/* Begin PBXFrameworksBuildPhase section */
		65A309711A2FA05A0079F9DB /* Frameworks */ = {
			isa = PBXFrameworksBuildPhase;
			buildActionMask = 2147483647;
			files = (
				65A2E1701A35A699008086AA /* libZXingObjC-osx.a in Frameworks */,
			);
			runOnlyForDeploymentPostprocessing = 0;
		};
		65A309831A2FA05A0079F9DB /* Frameworks */ = {
			isa = PBXFrameworksBuildPhase;
			buildActionMask = 2147483647;
			files = (
			);
			runOnlyForDeploymentPostprocessing = 0;
		};
/* End PBXFrameworksBuildPhase section */

/* Begin PBXGroup section */
		65A2E15F1A35A63E008086AA /* Products */ = {
			isa = PBXGroup;
			children = (
				65A2E1671A35A63F008086AA /* libZXingObjC-iOS.a */,
				65A2E1691A35A63F008086AA /* Unit Tests iOS.xctest */,
				65A2E16B1A35A63F008086AA /* libZXingObjC-osx.a */,
				65A2E16D1A35A63F008086AA /* Unit Tests OS X.xctest */,
				65A2E16F1A35A63F008086AA /* ZXingObjC.framework */,
			);
			name = Products;
			sourceTree = "<group>";
		};
		65A3096B1A2FA05A0079F9DB = {
			isa = PBXGroup;
			children = (
				65A2E1771A35A7B3008086AA /* ZXingObjC-Bridging-Header.h */,
				65A2E15E1A35A63E008086AA /* ZXingObjC.xcodeproj */,
				65A309761A2FA05A0079F9DB /* CFCalc */,
				65A309891A2FA05A0079F9DB /* CFCalcTests */,
				65A309751A2FA05A0079F9DB /* Products */,
			);
			sourceTree = "<group>";
		};
		65A309751A2FA05A0079F9DB /* Products */ = {
			isa = PBXGroup;
			children = (
				65A309741A2FA05A0079F9DB /* CFCalc.app */,
				65A309861A2FA05A0079F9DB /* CFCalcTests.xctest */,
			);
			name = Products;
			sourceTree = "<group>";
		};
		65A309761A2FA05A0079F9DB /* CFCalc */ = {
			isa = PBXGroup;
			children = (
				6553F1241A3240850077DF39 /* comuni.xml */,
				655AA5A01A382C1E004559CE /* editor_clipboard_checkmark_done-512.png */,
				65D0B8BF1A337E79004C1C79 /* tessera_sanitaria.jpg */,
				65A309791A2FA05A0079F9DB /* AppDelegate.swift */,
				65A3097B1A2FA05A0079F9DB /* ViewController.swift */,
				6553F1261A3249830077DF39 /* comuni.swift */,
				65C352E21A30404500D5316A /* CFCalc.swift */,
				65A3097D1A2FA05A0079F9DB /* Images.xcassets */,
				65A3097F1A2FA05A0079F9DB /* Main.storyboard */,
				65A309771A2FA05A0079F9DB /* Supporting Files */,
			);
			path = CFCalc;
			sourceTree = "<group>";
		};
		65A309771A2FA05A0079F9DB /* Supporting Files */ = {
			isa = PBXGroup;
			children = (
				65A309781A2FA05A0079F9DB /* Info.plist */,
			);
			name = "Supporting Files";
			sourceTree = "<group>";
		};
		65A309891A2FA05A0079F9DB /* CFCalcTests */ = {
			isa = PBXGroup;
			children = (
				65A3098C1A2FA05B0079F9DB /* CFCalcTests.swift */,
				65A3098A1A2FA05B0079F9DB /* Supporting Files */,
			);
			path = CFCalcTests;
			sourceTree = "<group>";
		};
		65A3098A1A2FA05B0079F9DB /* Supporting Files */ = {
			isa = PBXGroup;
			children = (
				65A3098B1A2FA05B0079F9DB /* Info.plist */,
			);
			name = "Supporting Files";
			sourceTree = "<group>";
		};
/* End PBXGroup section */

/* Begin PBXNativeTarget section */
		65A309731A2FA05A0079F9DB /* CFCalc */ = {
			isa = PBXNativeTarget;
			buildConfigurationList = 65A309901A2FA05B0079F9DB /* Build configuration list for PBXNativeTarget "CFCalc" */;
			buildPhases = (
				65A309701A2FA05A0079F9DB /* Sources */,
				65A309711A2FA05A0079F9DB /* Frameworks */,
				65A309721A2FA05A0079F9DB /* Resources */,
			);
			buildRules = (
			);
			dependencies = (
				65A2E1751A35A6B4008086AA /* PBXTargetDependency */,
			);
			name = CFCalc;
			productName = CFCalc;
			productReference = 65A309741A2FA05A0079F9DB /* CFCalc.app */;
			productType = "com.apple.product-type.application";
		};
		65A309851A2FA05A0079F9DB /* CFCalcTests */ = {
			isa = PBXNativeTarget;
			buildConfigurationList = 65A309931A2FA05B0079F9DB /* Build configuration list for PBXNativeTarget "CFCalcTests" */;
			buildPhases = (
				65A309821A2FA05A0079F9DB /* Sources */,
				65A309831A2FA05A0079F9DB /* Frameworks */,
				65A309841A2FA05A0079F9DB /* Resources */,
			);
			buildRules = (
			);
			dependencies = (
				65A309881A2FA05A0079F9DB /* PBXTargetDependency */,
			);
			name = CFCalcTests;
			productName = CFCalcTests;
			productReference = 65A309861A2FA05A0079F9DB /* CFCalcTests.xctest */;
			productType = "com.apple.product-type.bundle.unit-test";
		};
/* End PBXNativeTarget section */

/* Begin PBXProject section */
		65A3096C1A2FA05A0079F9DB /* Project object */ = {
			isa = PBXProject;
			attributes = {
				LastUpgradeCheck = 0610;
				ORGANIZATIONNAME = Andrea;
				TargetAttributes = {
					65A309731A2FA05A0079F9DB = {
						CreatedOnToolsVersion = 6.1;
					};
					65A309851A2FA05A0079F9DB = {
						CreatedOnToolsVersion = 6.1;
						TestTargetID = 65A309731A2FA05A0079F9DB;
					};
				};
			};
			buildConfigurationList = 65A3096F1A2FA05A0079F9DB /* Build configuration list for PBXProject "CFCalc" */;
			compatibilityVersion = "Xcode 3.2";
			developmentRegion = English;
			hasScannedForEncodings = 0;
			knownRegions = (
				en,
				Base,
			);
			mainGroup = 65A3096B1A2FA05A0079F9DB;
			productRefGroup = 65A309751A2FA05A0079F9DB /* Products */;
			projectDirPath = "";
			projectReferences = (
				{
					ProductGroup = 65A2E15F1A35A63E008086AA /* Products */;
					ProjectRef = 65A2E15E1A35A63E008086AA /* ZXingObjC.xcodeproj */;
				},
			);
			projectRoot = "";
			targets = (
				65A309731A2FA05A0079F9DB /* CFCalc */,
				65A309851A2FA05A0079F9DB /* CFCalcTests */,
			);
		};
/* End PBXProject section */

/* Begin PBXReferenceProxy section */
		65A2E1671A35A63F008086AA /* libZXingObjC-iOS.a */ = {
			isa = PBXReferenceProxy;
			fileType = archive.ar;
			path = "libZXingObjC-iOS.a";
			remoteRef = 65A2E1661A35A63F008086AA /* PBXContainerItemProxy */;
			sourceTree = BUILT_PRODUCTS_DIR;
		};
		65A2E1691A35A63F008086AA /* Unit Tests iOS.xctest */ = {
			isa = PBXReferenceProxy;
			fileType = wrapper.cfbundle;
			path = "Unit Tests iOS.xctest";
			remoteRef = 65A2E1681A35A63F008086AA /* PBXContainerItemProxy */;
			sourceTree = BUILT_PRODUCTS_DIR;
		};
		65A2E16B1A35A63F008086AA /* libZXingObjC-osx.a */ = {
			isa = PBXReferenceProxy;
			fileType = archive.ar;
			path = "libZXingObjC-osx.a";
			remoteRef = 65A2E16A1A35A63F008086AA /* PBXContainerItemProxy */;
			sourceTree = BUILT_PRODUCTS_DIR;
		};
		65A2E16D1A35A63F008086AA /* Unit Tests OS X.xctest */ = {
			isa = PBXReferenceProxy;
			fileType = wrapper.cfbundle;
			path = "Unit Tests OS X.xctest";
			remoteRef = 65A2E16C1A35A63F008086AA /* PBXContainerItemProxy */;
			sourceTree = BUILT_PRODUCTS_DIR;
		};
		65A2E16F1A35A63F008086AA /* ZXingObjC.framework */ = {
			isa = PBXReferenceProxy;
			fileType = wrapper.framework;
			path = ZXingObjC.framework;
			remoteRef = 65A2E16E1A35A63F008086AA /* PBXContainerItemProxy */;
			sourceTree = BUILT_PRODUCTS_DIR;
		};
/* End PBXReferenceProxy section */

/* Begin PBXResourcesBuildPhase section */
		65A309721A2FA05A0079F9DB /* Resources */ = {
			isa = PBXResourcesBuildPhase;
			buildActionMask = 2147483647;
			files = (
				6553F1251A3240850077DF39 /* comuni.xml in Resources */,
				65A3097E1A2FA05A0079F9DB /* Images.xcassets in Resources */,
				65D0B8C01A337E79004C1C79 /* tessera_sanitaria.jpg in Resources */,
				655AA5A11A382C1E004559CE /* editor_clipboard_checkmark_done-512.png in Resources */,
				65A309811A2FA05A0079F9DB /* Main.storyboard in Resources */,
			);
			runOnlyForDeploymentPostprocessing = 0;
		};
		65A309841A2FA05A0079F9DB /* Resources */ = {
			isa = PBXResourcesBuildPhase;
			buildActionMask = 2147483647;
			files = (
			);
			runOnlyForDeploymentPostprocessing = 0;
		};
/* End PBXResourcesBuildPhase section */

/* Begin PBXSourcesBuildPhase section */
		65A309701A2FA05A0079F9DB /* Sources */ = {
			isa = PBXSourcesBuildPhase;
			buildActionMask = 2147483647;
			files = (
				65A3097C1A2FA05A0079F9DB /* ViewController.swift in Sources */,
				6553F1271A3249830077DF39 /* comuni.swift in Sources */,
				65C352E31A30404500D5316A /* CFCalc.swift in Sources */,
				65A3097A1A2FA05A0079F9DB /* AppDelegate.swift in Sources */,
			);
			runOnlyForDeploymentPostprocessing = 0;
		};
		65A309821A2FA05A0079F9DB /* Sources */ = {
			isa = PBXSourcesBuildPhase;
			buildActionMask = 2147483647;
			files = (
				65A3098D1A2FA05B0079F9DB /* CFCalcTests.swift in Sources */,
			);
			runOnlyForDeploymentPostprocessing = 0;
		};
/* End PBXSourcesBuildPhase section */

/* Begin PBXTargetDependency section */
		65A2E1751A35A6B4008086AA /* PBXTargetDependency */ = {
			isa = PBXTargetDependency;
			name = "ZXingObjC-osx";
			targetProxy = 65A2E1741A35A6B4008086AA /* PBXContainerItemProxy */;
		};
		65A309881A2FA05A0079F9DB /* PBXTargetDependency */ = {
			isa = PBXTargetDependency;
			target = 65A309731A2FA05A0079F9DB /* CFCalc */;
			targetProxy = 65A309871A2FA05A0079F9DB /* PBXContainerItemProxy */;
		};
/* End PBXTargetDependency section */

/* Begin PBXVariantGroup section */
		65A3097F1A2FA05A0079F9DB /* Main.storyboard */ = {
			isa = PBXVariantGroup;
			children = (
				65A309801A2FA05A0079F9DB /* Base */,
				659B64211A35B88300AAD126 /* it */,
			);
			name = Main.storyboard;
			sourceTree = "<group>";
		};
/* End PBXVariantGroup section */

/* Begin XCBuildConfiguration section */
		65A3098E1A2FA05B0079F9DB /* Debug */ = {
			isa = XCBuildConfiguration;
			buildSettings = {
				ALWAYS_SEARCH_USER_PATHS = NO;
				CLANG_CXX_LANGUAGE_STANDARD = "gnu++0x";
				CLANG_CXX_LIBRARY = "libc++";
				CLANG_ENABLE_MODULES = YES;
				CLANG_ENABLE_OBJC_ARC = YES;
				CLANG_WARN_BOOL_CONVERSION = YES;
				CLANG_WARN_CONSTANT_CONVERSION = YES;
				CLANG_WARN_DIRECT_OBJC_ISA_USAGE = YES_ERROR;
				CLANG_WARN_EMPTY_BODY = YES;
				CLANG_WARN_ENUM_CONVERSION = YES;
				CLANG_WARN_INT_CONVERSION = YES;
				CLANG_WARN_OBJC_ROOT_CLASS = YES_ERROR;
				CLANG_WARN_UNREACHABLE_CODE = YES;
				CLANG_WARN__DUPLICATE_METHOD_MATCH = YES;
				CODE_SIGN_IDENTITY = "-";
				COPY_PHASE_STRIP = NO;
				ENABLE_STRICT_OBJC_MSGSEND = YES;
				GCC_C_LANGUAGE_STANDARD = gnu99;
				GCC_DYNAMIC_NO_PIC = NO;
				GCC_OPTIMIZATION_LEVEL = 0;
				GCC_PREPROCESSOR_DEFINITIONS = (
					"DEBUG=1",
					"$(inherited)",
				);
				GCC_SYMBOLS_PRIVATE_EXTERN = NO;
				GCC_WARN_64_TO_32_BIT_CONVERSION = YES;
				GCC_WARN_ABOUT_RETURN_TYPE = YES_ERROR;
				GCC_WARN_UNDECLARED_SELECTOR = YES;
				GCC_WARN_UNINITIALIZED_AUTOS = YES_AGGRESSIVE;
				GCC_WARN_UNUSED_FUNCTION = YES;
				GCC_WARN_UNUSED_VARIABLE = YES;
				MACOSX_DEPLOYMENT_TARGET = 10.10;
				MTL_ENABLE_DEBUG_INFO = YES;
				ONLY_ACTIVE_ARCH = YES;
				SDKROOT = macosx;
				SWIFT_OBJC_BRIDGING_HEADER = "CFCalc/ZXingObjC-Bridging-Header.h";
				SWIFT_OPTIMIZATION_LEVEL = "-Onone";
			};
			name = Debug;
		};
		65A3098F1A2FA05B0079F9DB /* Release */ = {
			isa = XCBuildConfiguration;
			buildSettings = {
				ALWAYS_SEARCH_USER_PATHS = NO;
				CLANG_CXX_LANGUAGE_STANDARD = "gnu++0x";
				CLANG_CXX_LIBRARY = "libc++";
				CLANG_ENABLE_MODULES = YES;
				CLANG_ENABLE_OBJC_ARC = YES;
				CLANG_WARN_BOOL_CONVERSION = YES;
				CLANG_WARN_CONSTANT_CONVERSION = YES;
				CLANG_WARN_DIRECT_OBJC_ISA_USAGE = YES_ERROR;
				CLANG_WARN_EMPTY_BODY = YES;
				CLANG_WARN_ENUM_CONVERSION = YES;
				CLANG_WARN_INT_CONVERSION = YES;
				CLANG_WARN_OBJC_ROOT_CLASS = YES_ERROR;
				CLANG_WARN_UNREACHABLE_CODE = YES;
				CLANG_WARN__DUPLICATE_METHOD_MATCH = YES;
				CODE_SIGN_IDENTITY = "-";
				COPY_PHASE_STRIP = YES;
				DEBUG_INFORMATION_FORMAT = "dwarf-with-dsym";
				ENABLE_NS_ASSERTIONS = NO;
				ENABLE_STRICT_OBJC_MSGSEND = YES;
				GCC_C_LANGUAGE_STANDARD = gnu99;
				GCC_WARN_64_TO_32_BIT_CONVERSION = YES;
				GCC_WARN_ABOUT_RETURN_TYPE = YES_ERROR;
				GCC_WARN_UNDECLARED_SELECTOR = YES;
				GCC_WARN_UNINITIALIZED_AUTOS = YES_AGGRESSIVE;
				GCC_WARN_UNUSED_FUNCTION = YES;
				GCC_WARN_UNUSED_VARIABLE = YES;
				MACOSX_DEPLOYMENT_TARGET = 10.10;
				MTL_ENABLE_DEBUG_INFO = NO;
				SDKROOT = macosx;
				SWIFT_OBJC_BRIDGING_HEADER = "CFCalc/ZXingObjC-Bridging-Header.h";
			};
			name = Release;
		};
		65A309911A2FA05B0079F9DB /* Debug */ = {
			isa = XCBuildConfiguration;
			buildSettings = {
				ASSETCATALOG_COMPILER_APPICON_NAME = AppIcon;
				COMBINE_HIDPI_IMAGES = YES;
				FRAMEWORK_SEARCH_PATHS = "$(inherited)";
				INFOPLIST_FILE = CFCalc/Info.plist;
				LD_RUNPATH_SEARCH_PATHS = "$(inherited) @executable_path/../Frameworks";
				PRODUCT_NAME = "$(TARGET_NAME)";
				STRIP_INSTALLED_PRODUCT = YES;
				SWIFT_OBJC_BRIDGING_HEADER = "CFCalc/ZXingObjC-Bridging-Header.h";
			};
			name = Debug;
		};
		65A309921A2FA05B0079F9DB /* Release */ = {
			isa = XCBuildConfiguration;
			buildSettings = {
				ASSETCATALOG_COMPILER_APPICON_NAME = AppIcon;
				COMBINE_HIDPI_IMAGES = YES;
				FRAMEWORK_SEARCH_PATHS = "$(inherited)";
				INFOPLIST_FILE = CFCalc/Info.plist;
				LD_RUNPATH_SEARCH_PATHS = "$(inherited) @executable_path/../Frameworks";
				PRODUCT_NAME = "$(TARGET_NAME)";
				STRIP_INSTALLED_PRODUCT = YES;
				SWIFT_OBJC_BRIDGING_HEADER = "CFCalc/ZXingObjC-Bridging-Header.h";
			};
			name = Release;
		};
		65A309941A2FA05B0079F9DB /* Debug */ = {
			isa = XCBuildConfiguration;
			buildSettings = {
				BUNDLE_LOADER = "$(TEST_HOST)";
				COMBINE_HIDPI_IMAGES = YES;
				FRAMEWORK_SEARCH_PATHS = (
					"$(DEVELOPER_FRAMEWORKS_DIR)",
					"$(inherited)",
				);
				GCC_PREPROCESSOR_DEFINITIONS = (
					"DEBUG=1",
					"$(inherited)",
				);
				INFOPLIST_FILE = CFCalcTests/Info.plist;
				LD_RUNPATH_SEARCH_PATHS = "$(inherited) @executable_path/../Frameworks @loader_path/../Frameworks";
				PRODUCT_NAME = "$(TARGET_NAME)";
				TEST_HOST = "$(BUILT_PRODUCTS_DIR)/CFCalc.app/Contents/MacOS/CFCalc";
			};
			name = Debug;
		};
		65A309951A2FA05B0079F9DB /* Release */ = {
			isa = XCBuildConfiguration;
			buildSettings = {
				BUNDLE_LOADER = "$(TEST_HOST)";
				COMBINE_HIDPI_IMAGES = YES;
				FRAMEWORK_SEARCH_PATHS = (
					"$(DEVELOPER_FRAMEWORKS_DIR)",
					"$(inherited)",
				);
				INFOPLIST_FILE = CFCalcTests/Info.plist;
				LD_RUNPATH_SEARCH_PATHS = "$(inherited) @executable_path/../Frameworks @loader_path/../Frameworks";
				PRODUCT_NAME = "$(TARGET_NAME)";
				TEST_HOST = "$(BUILT_PRODUCTS_DIR)/CFCalc.app/Contents/MacOS/CFCalc";
			};
			name = Release;
		};
/* End XCBuildConfiguration section */

/* Begin XCConfigurationList section */
		65A3096F1A2FA05A0079F9DB /* Build configuration list for PBXProject "CFCalc" */ = {
			isa = XCConfigurationList;
			buildConfigurations = (
				65A3098E1A2FA05B0079F9DB /* Debug */,
				65A3098F1A2FA05B0079F9DB /* Release */,
			);
			defaultConfigurationIsVisible = 0;
			defaultConfigurationName = Release;
		};
		65A309901A2FA05B0079F9DB /* Build configuration list for PBXNativeTarget "CFCalc" */ = {
			isa = XCConfigurationList;
			buildConfigurations = (
				65A309911A2FA05B0079F9DB /* Debug */,
				65A309921A2FA05B0079F9DB /* Release */,
			);
			defaultConfigurationIsVisible = 0;
			defaultConfigurationName = Release;
		};
		65A309931A2FA05B0079F9DB /* Build configuration list for PBXNativeTarget "CFCalcTests" */ = {
			isa = XCConfigurationList;
			buildConfigurations = (
				65A309941A2FA05B0079F9DB /* Debug */,
				65A309951A2FA05B0079F9DB /* Release */,
			);
			defaultConfigurationIsVisible = 0;
			defaultConfigurationName = Release;
		};
/* End XCConfigurationList section */
	};
	rootObject = 65A3096C1A2FA05A0079F9DB /* Project object */;
}
